// !$*UTF8*$!
{
	archiveVersion = 1;
	classes = {
	};
	objectVersion = 50;
	objects = {

/* Begin PBXBuildFile section */
		DF7853BB24461E7D00014032 /* AppDelegate.swift in Sources */ = {isa = PBXBuildFile; fileRef = DF7853BA24461E7D00014032 /* AppDelegate.swift */; };
		DF7853BD24461E7D00014032 /* SceneDelegate.swift in Sources */ = {isa = PBXBuildFile; fileRef = DF7853BC24461E7D00014032 /* SceneDelegate.swift */; };
		DF7853BF24461E7D00014032 /* ViewController.swift in Sources */ = {isa = PBXBuildFile; fileRef = DF7853BE24461E7D00014032 /* ViewController.swift */; };
		DF7853C224461E7D00014032 /* Main.storyboard in Resources */ = {isa = PBXBuildFile; fileRef = DF7853C024461E7D00014032 /* Main.storyboard */; };
		DF7853C524461E7D00014032 /* Easy_HOH.xcdatamodeld in Sources */ = {isa = PBXBuildFile; fileRef = DF7853C324461E7D00014032 /* Easy_HOH.xcdatamodeld */; };
		DF7853C724461E7E00014032 /* Assets.xcassets in Resources */ = {isa = PBXBuildFile; fileRef = DF7853C624461E7E00014032 /* Assets.xcassets */; };
		DF7853CA24461E7E00014032 /* LaunchScreen.storyboard in Resources */ = {isa = PBXBuildFile; fileRef = DF7853C824461E7E00014032 /* LaunchScreen.storyboard */; };
		DF7853D624466BFC00014032 /* DataModel.xcdatamodeld in Sources */ = {isa = PBXBuildFile; fileRef = DF7853D424466BFC00014032 /* DataModel.xcdatamodeld */; };
/* End PBXBuildFile section */

/* Begin PBXFileReference section */
		DF7853B724461E7D00014032 /* Easy HOH.app */ = {isa = PBXFileReference; explicitFileType = wrapper.application; includeInIndex = 0; path = "Easy HOH.app"; sourceTree = BUILT_PRODUCTS_DIR; };
		DF7853BA24461E7D00014032 /* AppDelegate.swift */ = {isa = PBXFileReference; lastKnownFileType = sourcecode.swift; path = AppDelegate.swift; sourceTree = "<group>"; };
		DF7853BC24461E7D00014032 /* SceneDelegate.swift */ = {isa = PBXFileReference; lastKnownFileType = sourcecode.swift; path = SceneDelegate.swift; sourceTree = "<group>"; };
		DF7853BE24461E7D00014032 /* ViewController.swift */ = {isa = PBXFileReference; lastKnownFileType = sourcecode.swift; path = ViewController.swift; sourceTree = "<group>"; };
		DF7853C124461E7D00014032 /* Base */ = {isa = PBXFileReference; lastKnownFileType = file.storyboard; name = Base; path = Base.lproj/Main.storyboard; sourceTree = "<group>"; };
		DF7853C424461E7D00014032 /* Easy_HOH.xcdatamodel */ = {isa = PBXFileReference; lastKnownFileType = wrapper.xcdatamodel; path = Easy_HOH.xcdatamodel; sourceTree = "<group>"; };
		DF7853C624461E7E00014032 /* Assets.xcassets */ = {isa = PBXFileReference; lastKnownFileType = folder.assetcatalog; path = Assets.xcassets; sourceTree = "<group>"; };
		DF7853C924461E7E00014032 /* Base */ = {isa = PBXFileReference; lastKnownFileType = file.storyboard; name = Base; path = Base.lproj/LaunchScreen.storyboard; sourceTree = "<group>"; };
		DF7853CB24461E7E00014032 /* Info.plist */ = {isa = PBXFileReference; lastKnownFileType = text.plist.xml; path = Info.plist; sourceTree = "<group>"; };
		DF7853D524466BFC00014032 /* DataModel.xcdatamodel */ = {isa = PBXFileReference; lastKnownFileType = wrapper.xcdatamodel; path = DataModel.xcdatamodel; sourceTree = "<group>"; };
/* End PBXFileReference section */

/* Begin PBXFrameworksBuildPhase section */
		DF7853B424461E7D00014032 /* Frameworks */ = {
			isa = PBXFrameworksBuildPhase;
			buildActionMask = 2147483647;
			files = (
			);
			runOnlyForDeploymentPostprocessing = 0;
		};
/* End PBXFrameworksBuildPhase section */

/* Begin PBXGroup section */
		DF7853AE24461E7C00014032 = {
			isa = PBXGroup;
			children = (
				DF7853B924461E7D00014032 /* Easy HOH */,
				DF7853B824461E7D00014032 /* Products */,
			);
			sourceTree = "<group>";
		};
		DF7853B824461E7D00014032 /* Products */ = {
			isa = PBXGroup;
			children = (
				DF7853B724461E7D00014032 /* Easy HOH.app */,
			);
			name = Products;
			sourceTree = "<group>";
		};
		DF7853B924461E7D00014032 /* Easy HOH */ = {
			isa = PBXGroup;
			children = (
				DF7853BA24461E7D00014032 /* AppDelegate.swift */,
				DF7853BC24461E7D00014032 /* SceneDelegate.swift */,
				DF7853D124466BA200014032 /* Controllers */,
				DF7853D724466C0300014032 /* DataModel */,
				DF7853D224466BB100014032 /* Views */,
				DF7853D324466BC800014032 /* Supporting Files */,
				DF7853CB24461E7E00014032 /* Info.plist */,
				DF7853C324461E7D00014032 /* Easy_HOH.xcdatamodeld */,
			);
			path = "Easy HOH";
			sourceTree = "<group>";
		};
		DF7853D124466BA200014032 /* Controllers */ = {
			isa = PBXGroup;
			children = (
				DF7853BE24461E7D00014032 /* ViewController.swift */,
			);
			path = Controllers;
			sourceTree = "<group>";
		};
		DF7853D224466BB100014032 /* Views */ = {
			isa = PBXGroup;
			children = (
				DF7853C024461E7D00014032 /* Main.storyboard */,
			);
			path = Views;
			sourceTree = "<group>";
		};
		DF7853D324466BC800014032 /* Supporting Files */ = {
			isa = PBXGroup;
			children = (
				DF7853C624461E7E00014032 /* Assets.xcassets */,
				DF7853C824461E7E00014032 /* LaunchScreen.storyboard */,
			);
			path = "Supporting Files";
			sourceTree = "<group>";
		};
		DF7853D724466C0300014032 /* DataModel */ = {
			isa = PBXGroup;
			children = (
				DF7853D424466BFC00014032 /* DataModel.xcdatamodeld */,
			);
			path = DataModel;
			sourceTree = "<group>";
		};
/* End PBXGroup section */

/* Begin PBXNativeTarget section */
		DF7853B624461E7D00014032 /* Easy HOH */ = {
			isa = PBXNativeTarget;
			buildConfigurationList = DF7853CE24461E7E00014032 /* Build configuration list for PBXNativeTarget "Easy HOH" */;
			buildPhases = (
				DF7853B324461E7D00014032 /* Sources */,
				DF7853B424461E7D00014032 /* Frameworks */,
				DF7853B524461E7D00014032 /* Resources */,
			);
			buildRules = (
			);
			dependencies = (
			);
			name = "Easy HOH";
			productName = "Easy HOH";
			productReference = DF7853B724461E7D00014032 /* Easy HOH.app */;
			productType = "com.apple.product-type.application";
		};
/* End PBXNativeTarget section */

/* Begin PBXProject section */
		DF7853AF24461E7C00014032 /* Project object */ = {
			isa = PBXProject;
			attributes = {
				LastSwiftUpdateCheck = 1130;
				LastUpgradeCheck = 1130;
				ORGANIZATIONNAME = "Michael Murray";
				TargetAttributes = {
					DF7853B624461E7D00014032 = {
						CreatedOnToolsVersion = 11.3.1;
					};
				};
			};
			buildConfigurationList = DF7853B224461E7C00014032 /* Build configuration list for PBXProject "Easy HOH" */;
			compatibilityVersion = "Xcode 9.3";
			developmentRegion = en;
			hasScannedForEncodings = 0;
			knownRegions = (
				en,
				Base,
			);
			mainGroup = DF7853AE24461E7C00014032;
			productRefGroup = DF7853B824461E7D00014032 /* Products */;
			projectDirPath = "";
			projectRoot = "";
			targets = (
				DF7853B624461E7D00014032 /* Easy HOH */,
			);
		};
/* End PBXProject section */

/* Begin PBXResourcesBuildPhase section */
		DF7853B524461E7D00014032 /* Resources */ = {
			isa = PBXResourcesBuildPhase;
			buildActionMask = 2147483647;
			files = (
				DF7853CA24461E7E00014032 /* LaunchScreen.storyboard in Resources */,
				DF7853C724461E7E00014032 /* Assets.xcassets in Resources */,
				DF7853C224461E7D00014032 /* Main.storyboard in Resources */,
			);
			runOnlyForDeploymentPostprocessing = 0;
		};
/* End PBXResourcesBuildPhase section */

/* Begin PBXSourcesBuildPhase section */
		DF7853B324461E7D00014032 /* Sources */ = {
			isa = PBXSourcesBuildPhase;
			buildActionMask = 2147483647;
			files = (
				DF7853BF24461E7D00014032 /* ViewController.swift in Sources */,
				DF7853D624466BFC00014032 /* DataModel.xcdatamodeld in Sources */,
				DF7853C524461E7D00014032 /* Easy_HOH.xcdatamodeld in Sources */,
				DF7853BB24461E7D00014032 /* AppDelegate.swift in Sources */,
				DF7853BD24461E7D00014032 /* SceneDelegate.swift in Sources */,
			);
			runOnlyForDeploymentPostprocessing = 0;
		};
/* End PBXSourcesBuildPhase section */

/* Begin PBXVariantGroup section */
		DF7853C024461E7D00014032 /* Main.storyboard */ = {
			isa = PBXVariantGroup;
			children = (
				DF7853C124461E7D00014032 /* Base */,
			);
			name = Main.storyboard;
			sourceTree = "<group>";
		};
		DF7853C824461E7E00014032 /* LaunchScreen.storyboard */ = {
			isa = PBXVariantGroup;
			children = (
				DF7853C924461E7E00014032 /* Base */,
			);
			name = LaunchScreen.storyboard;
			sourceTree = "<group>";
		};
/* End PBXVariantGroup section */

/* Begin XCBuildConfiguration section */
		DF7853CC24461E7E00014032 /* Debug */ = {
			isa = XCBuildConfiguration;
			buildSettings = {
				ALWAYS_SEARCH_USER_PATHS = NO;
				CLANG_ANALYZER_NONNULL = YES;
				CLANG_ANALYZER_NUMBER_OBJECT_CONVERSION = YES_AGGRESSIVE;
				CLANG_CXX_LANGUAGE_STANDARD = "gnu++14";
				CLANG_CXX_LIBRARY = "libc++";
				CLANG_ENABLE_MODULES = YES;
				CLANG_ENABLE_OBJC_ARC = YES;
				CLANG_ENABLE_OBJC_WEAK = YES;
				CLANG_WARN_BLOCK_CAPTURE_AUTORELEASING = YES;
				CLANG_WARN_BOOL_CONVERSION = YES;
				CLANG_WARN_COMMA = YES;
				CLANG_WARN_CONSTANT_CONVERSION = YES;
				CLANG_WARN_DEPRECATED_OBJC_IMPLEMENTATIONS = YES;
				CLANG_WARN_DIRECT_OBJC_ISA_USAGE = YES_ERROR;
				CLANG_WARN_DOCUMENTATION_COMMENTS = YES;
				CLANG_WARN_EMPTY_BODY = YES;
				CLANG_WARN_ENUM_CONVERSION = YES;
				CLANG_WARN_INFINITE_RECURSION = YES;
				CLANG_WARN_INT_CONVERSION = YES;
				CLANG_WARN_NON_LITERAL_NULL_CONVERSION = YES;
				CLANG_WARN_OBJC_IMPLICIT_RETAIN_SELF = YES;
				CLANG_WARN_OBJC_LITERAL_CONVERSION = YES;
				CLANG_WARN_OBJC_ROOT_CLASS = YES_ERROR;
				CLANG_WARN_RANGE_LOOP_ANALYSIS = YES;
				CLANG_WARN_STRICT_PROTOTYPES = YES;
				CLANG_WARN_SUSPICIOUS_MOVE = YES;
				CLANG_WARN_UNGUARDED_AVAILABILITY = YES_AGGRESSIVE;
				CLANG_WARN_UNREACHABLE_CODE = YES;
				CLANG_WARN__DUPLICATE_METHOD_MATCH = YES;
				COPY_PHASE_STRIP = NO;
				DEBUG_INFORMATION_FORMAT = dwarf;
				ENABLE_STRICT_OBJC_MSGSEND = YES;
				ENABLE_TESTABILITY = YES;
				GCC_C_LANGUAGE_STANDARD = gnu11;
				GCC_DYNAMIC_NO_PIC = NO;
				GCC_NO_COMMON_BLOCKS = YES;
				GCC_OPTIMIZATION_LEVEL = 0;
				GCC_PREPROCESSOR_DEFINITIONS = (
					"DEBUG=1",
					"$(inherited)",
				);
				GCC_WARN_64_TO_32_BIT_CONVERSION = YES;
				GCC_WARN_ABOUT_RETURN_TYPE = YES_ERROR;
				GCC_WARN_UNDECLARED_SELECTOR = YES;
				GCC_WARN_UNINITIALIZED_AUTOS = YES_AGGRESSIVE;
				GCC_WARN_UNUSED_FUNCTION = YES;
				GCC_WARN_UNUSED_VARIABLE = YES;
				IPHONEOS_DEPLOYMENT_TARGET = 13.2;
				MTL_ENABLE_DEBUG_INFO = INCLUDE_SOURCE;
				MTL_FAST_MATH = YES;
				ONLY_ACTIVE_ARCH = YES;
				SDKROOT = iphoneos;
				SWIFT_ACTIVE_COMPILATION_CONDITIONS = DEBUG;
				SWIFT_OPTIMIZATION_LEVEL = "-Onone";
			};
			name = Debug;
		};
		DF7853CD24461E7E00014032 /* Release */ = {
			isa = XCBuildConfiguration;
			buildSettings = {
				ALWAYS_SEARCH_USER_PATHS = NO;
				CLANG_ANALYZER_NONNULL = YES;
				CLANG_ANALYZER_NUMBER_OBJECT_CONVERSION = YES_AGGRESSIVE;
				CLANG_CXX_LANGUAGE_STANDARD = "gnu++14";
				CLANG_CXX_LIBRARY = "libc++";
				CLANG_ENABLE_MODULES = YES;
				CLANG_ENABLE_OBJC_ARC = YES;
				CLANG_ENABLE_OBJC_WEAK = YES;
				CLANG_WARN_BLOCK_CAPTURE_AUTORELEASING = YES;
				CLANG_WARN_BOOL_CONVERSION = YES;
				CLANG_WARN_COMMA = YES;
				CLANG_WARN_CONSTANT_CONVERSION = YES;
				CLANG_WARN_DEPRECATED_OBJC_IMPLEMENTATIONS = YES;
				CLANG_WARN_DIRECT_OBJC_ISA_USAGE = YES_ERROR;
				CLANG_WARN_DOCUMENTATION_COMMENTS = YES;
				CLANG_WARN_EMPTY_BODY = YES;
				CLANG_WARN_ENUM_CONVERSION = YES;
				CLANG_WARN_INFINITE_RECURSION = YES;
				CLANG_WARN_INT_CONVERSION = YES;
				CLANG_WARN_NON_LITERAL_NULL_CONVERSION = YES;
				CLANG_WARN_OBJC_IMPLICIT_RETAIN_SELF = YES;
				CLANG_WARN_OBJC_LITERAL_CONVERSION = YES;
				CLANG_WARN_OBJC_ROOT_CLASS = YES_ERROR;
				CLANG_WARN_RANGE_LOOP_ANALYSIS = YES;
				CLANG_WARN_STRICT_PROTOTYPES = YES;
				CLANG_WARN_SUSPICIOUS_MOVE = YES;
				CLANG_WARN_UNGUARDED_AVAILABILITY = YES_AGGRESSIVE;
				CLANG_WARN_UNREACHABLE_CODE = YES;
				CLANG_WARN__DUPLICATE_METHOD_MATCH = YES;
				COPY_PHASE_STRIP = NO;
				DEBUG_INFORMATION_FORMAT = "dwarf-with-dsym";
				ENABLE_NS_ASSERTIONS = NO;
				ENABLE_STRICT_OBJC_MSGSEND = YES;
				GCC_C_LANGUAGE_STANDARD = gnu11;
				GCC_NO_COMMON_BLOCKS = YES;
				GCC_WARN_64_TO_32_BIT_CONVERSION = YES;
				GCC_WARN_ABOUT_RETURN_TYPE = YES_ERROR;
				GCC_WARN_UNDECLARED_SELECTOR = YES;
				GCC_WARN_UNINITIALIZED_AUTOS = YES_AGGRESSIVE;
				GCC_WARN_UNUSED_FUNCTION = YES;
				GCC_WARN_UNUSED_VARIABLE = YES;
				IPHONEOS_DEPLOYMENT_TARGET = 13.2;
				MTL_ENABLE_DEBUG_INFO = NO;
				MTL_FAST_MATH = YES;
				SDKROOT = iphoneos;
				SWIFT_COMPILATION_MODE = wholemodule;
				SWIFT_OPTIMIZATION_LEVEL = "-O";
				VALIDATE_PRODUCT = YES;
			};
			name = Release;
		};
		DF7853CF24461E7E00014032 /* Debug */ = {
			isa = XCBuildConfiguration;
			buildSettings = {
				ASSETCATALOG_COMPILER_APPICON_NAME = AppIcon;
				CODE_SIGN_STYLE = Automatic;
				DEVELOPMENT_TEAM = ZK8XXDM268;
				INFOPLIST_FILE = "Easy HOH/Info.plist";
				LD_RUNPATH_SEARCH_PATHS = (
					"$(inherited)",
					"@executable_path/Frameworks",
				);
				PRODUCT_BUNDLE_IDENTIFIER = "com.mjmurray.Easy-HOH";
				PRODUCT_NAME = "$(TARGET_NAME)";
				SWIFT_VERSION = 5.0;
				TARGETED_DEVICE_FAMILY = "1,2";
			};
			name = Debug;
		};
		DF7853D024461E7E00014032 /* Release */ = {
			isa = XCBuildConfiguration;
			buildSettings = {
				ASSETCATALOG_COMPILER_APPICON_NAME = AppIcon;
				CODE_SIGN_STYLE = Automatic;
				DEVELOPMENT_TEAM = ZK8XXDM268;
				INFOPLIST_FILE = "Easy HOH/Info.plist";
				LD_RUNPATH_SEARCH_PATHS = (
					"$(inherited)",
					"@executable_path/Frameworks",
				);
				PRODUCT_BUNDLE_IDENTIFIER = "com.mjmurray.Easy-HOH";
				PRODUCT_NAME = "$(TARGET_NAME)";
				SWIFT_VERSION = 5.0;
				TARGETED_DEVICE_FAMILY = "1,2";
			};
			name = Release;
		};
/* End XCBuildConfiguration section */

/* Begin XCConfigurationList section */
		DF7853B224461E7C00014032 /* Build configuration list for PBXProject "Easy HOH" */ = {
			isa = XCConfigurationList;
			buildConfigurations = (
				DF7853CC24461E7E00014032 /* Debug */,
				DF7853CD24461E7E00014032 /* Release */,
			);
			defaultConfigurationIsVisible = 0;
			defaultConfigurationName = Release;
		};
		DF7853CE24461E7E00014032 /* Build configuration list for PBXNativeTarget "Easy HOH" */ = {
			isa = XCConfigurationList;
			buildConfigurations = (
				DF7853CF24461E7E00014032 /* Debug */,
				DF7853D024461E7E00014032 /* Release */,
			);
			defaultConfigurationIsVisible = 0;
			defaultConfigurationName = Release;
		};
/* End XCConfigurationList section */

/* Begin XCVersionGroup section */
		DF7853C324461E7D00014032 /* Easy_HOH.xcdatamodeld */ = {
			isa = XCVersionGroup;
			children = (
				DF7853C424461E7D00014032 /* Easy_HOH.xcdatamodel */,
			);
			currentVersion = DF7853C424461E7D00014032 /* Easy_HOH.xcdatamodel */;
			path = Easy_HOH.xcdatamodeld;
			sourceTree = "<group>";
			versionGroupType = wrapper.xcdatamodel;
		};
		DF7853D424466BFC00014032 /* DataModel.xcdatamodeld */ = {
			isa = XCVersionGroup;
			children = (
				DF7853D524466BFC00014032 /* DataModel.xcdatamodel */,
			);
			currentVersion = DF7853D524466BFC00014032 /* DataModel.xcdatamodel */;
			path = DataModel.xcdatamodeld;
			sourceTree = "<group>";
			versionGroupType = wrapper.xcdatamodel;
		};
/* End XCVersionGroup section */
	};
	rootObject = DF7853AF24461E7C00014032 /* Project object */;
}
